
Microsoft Visual Studio Solution File, Format Version 12.00
# Visual Studio Version 16
VisualStudioVersion = 16.0.30523.141
MinimumVisualStudioVersion = 10.0.40219.1
Project("{FAE04EC0-301F-11D3-BF4B-00C04F79EFBC}") = "WindowsFormsApp2", "WindowsFormsApp2\WindowsFormsApp2.csproj", "{2A5B855F-255F-4F24-A607-AC599EA2F5CF}"
EndProject
Global
	GlobalSection(SolutionConfigurationPlatforms) = preSolution
		Debug|Any CPU = Debug|Any CPU
		Release|Any CPU = Release|Any CPU
	EndGlobalSection
	GlobalSection(ProjectConfigurationPlatforms) = postSolution
		{2A5B855F-255F-4F24-A607-AC599EA2F5CF}.Debug|Any CPU.ActiveCfg = Debug|Any CPU
		{2A5B855F-255F-4F24-A607-AC599EA2F5CF}.Debug|Any CPU.Build.0 = Debug|Any CPU
		{2A5B855F-255F-4F24-A607-AC599EA2F5CF}.Release|Any CPU.ActiveCfg = Release|Any CPU
		{2A5B855F-255F-4F24-A607-AC599EA2F5CF}.Release|Any CPU.Build.0 = Release|Any CPU
	EndGlobalSection
	GlobalSection(SolutionProperties) = preSolution
		HideSolutionNode = FALSE
	EndGlobalSection
	GlobalSection(ExtensibilityGlobals) = postSolution
		SolutionGuid = {30275E96-F0E6-4F92-AA13-92D2852DD386}
	EndGlobalSection
EndGlobal
