
Microsoft Visual Studio Solution File, Format Version 12.00
# Visual Studio Version 16
VisualStudioVersion = 16.0.30523.141
MinimumVisualStudioVersion = 10.0.40219.1
Project("{FAE04EC0-301F-11D3-BF4B-00C04F79EFBC}") = "WindowsFormsApp1", "WindowsFormsApp1\WindowsFormsApp1.csproj", "{19F41800-808E-43E9-8E67-D223229412CA}"
EndProject
Global
	GlobalSection(SolutionConfigurationPlatforms) = preSolution
		Debug|Any CPU = Debug|Any CPU
		Release|Any CPU = Release|Any CPU
	EndGlobalSection
	GlobalSection(ProjectConfigurationPlatforms) = postSolution
		{19F41800-808E-43E9-8E67-D223229412CA}.Debug|Any CPU.ActiveCfg = Debug|Any CPU
		{19F41800-808E-43E9-8E67-D223229412CA}.Debug|Any CPU.Build.0 = Debug|Any CPU
		{19F41800-808E-43E9-8E67-D223229412CA}.Release|Any CPU.ActiveCfg = Release|Any CPU
		{19F41800-808E-43E9-8E67-D223229412CA}.Release|Any CPU.Build.0 = Release|Any CPU
	EndGlobalSection
	GlobalSection(SolutionProperties) = preSolution
		HideSolutionNode = FALSE
	EndGlobalSection
	GlobalSection(ExtensibilityGlobals) = postSolution
		SolutionGuid = {CB06A20E-6352-4892-807F-DA9B30EA0BC6}
	EndGlobalSection
EndGlobal
