
Microsoft Visual Studio Solution File, Format Version 12.00
# Visual Studio Version 16
VisualStudioVersion = 16.0.30523.141
MinimumVisualStudioVersion = 10.0.40219.1
Project("{FAE04EC0-301F-11D3-BF4B-00C04F79EFBC}") = "LosoweObrazki", "LosoweObrazki\LosoweObrazki.csproj", "{079938B2-B0DC-4E04-8738-0BE9A3EAA56C}"
EndProject
Global
	GlobalSection(SolutionConfigurationPlatforms) = preSolution
		Debug|Any CPU = Debug|Any CPU
		Release|Any CPU = Release|Any CPU
	EndGlobalSection
	GlobalSection(ProjectConfigurationPlatforms) = postSolution
		{079938B2-B0DC-4E04-8738-0BE9A3EAA56C}.Debug|Any CPU.ActiveCfg = Debug|Any CPU
		{079938B2-B0DC-4E04-8738-0BE9A3EAA56C}.Debug|Any CPU.Build.0 = Debug|Any CPU
		{079938B2-B0DC-4E04-8738-0BE9A3EAA56C}.Release|Any CPU.ActiveCfg = Release|Any CPU
		{079938B2-B0DC-4E04-8738-0BE9A3EAA56C}.Release|Any CPU.Build.0 = Release|Any CPU
	EndGlobalSection
	GlobalSection(SolutionProperties) = preSolution
		HideSolutionNode = FALSE
	EndGlobalSection
	GlobalSection(ExtensibilityGlobals) = postSolution
		SolutionGuid = {FDFCCABE-E2C8-477C-AD44-D32B3C4BC936}
	EndGlobalSection
EndGlobal
